
Microsoft Visual Studio Solution File, Format Version 12.00
# Visual Studio 15
VisualStudioVersion = 15.0.28010.2003
MinimumVisualStudioVersion = 10.0.40219.1
Project("{FAE04EC0-301F-11D3-BF4B-00C04F79EFBC}") = "Video2_Demo", "Video2_Demo\Video2_Demo.csproj", "{ADBA814B-59D5-4426-BF27-C33CF69FF6F4}"
EndProject
Global
	GlobalSection(SolutionConfigurationPlatforms) = preSolution
		Debug|Any CPU = Debug|Any CPU
		Release|Any CPU = Release|Any CPU
	EndGlobalSection
	GlobalSection(ProjectConfigurationPlatforms) = postSolution
		{ADBA814B-59D5-4426-BF27-C33CF69FF6F4}.Debug|Any CPU.ActiveCfg = Debug|Any CPU
		{ADBA814B-59D5-4426-BF27-C33CF69FF6F4}.Debug|Any CPU.Build.0 = Debug|Any CPU
		{ADBA814B-59D5-4426-BF27-C33CF69FF6F4}.Release|Any CPU.ActiveCfg = Release|Any CPU
		{ADBA814B-59D5-4426-BF27-C33CF69FF6F4}.Release|Any CPU.Build.0 = Release|Any CPU
	EndGlobalSection
	GlobalSection(SolutionProperties) = preSolution
		HideSolutionNode = FALSE
	EndGlobalSection
	GlobalSection(ExtensibilityGlobals) = postSolution
		SolutionGuid = {4F082FB0-6E65-4883-AA65-9BD9F3AC37E9}
	EndGlobalSection
EndGlobal
